using System;
using System.Text;
using System.IO;

namespace _LR
{
    class Program
    {
        static void Main()
        {
            string s;
            double x, y;
            StreamWriter f = new StreamWriter(@"C:\Users\Sasha\Desktop\out.txt");
            StreamReader f1 = new StreamReader(@"C:\Users\Sasha\Desktop\in.txt");
            string minus = new string('-', 28);
            f.WriteLine($"Таблиця значень \n{minus}");
            string st2 = ($"+  Функція   +  Аргумент   +  \n{minus}");
            f.WriteLine(st2);

            metka:
            s = f1.ReadLine();
            if (s == null) goto metka1;
            x = double.Parse(s);
            y = 2 - (Math.Pow(Math.E, 2 * x) + Math.Pow(Math.E, -2 * x)) / (Math.Pow(Math.E, 2) + Math.Pow(Math.E, -2));
            string str = $"+  x = {x:f1}  +  y = {y:f3}  + \n";
            f.WriteLine(str);
            goto metka;

            metka1:
            f.WriteLine($"\n{minus}");
            string st1 = ($" Склав: Лісовський Олександр-Андрій Миколайович \n");
            f.WriteLine(st1);
            f.Close();
            f1.Close();

        }
    }
}
